
Microsoft Visual Studio Solution File, Format Version 12.00
# Visual Studio Version 17
VisualStudioVersion = 17.14.36717.8 d17.14
MinimumVisualStudioVersion = 10.0.40219.1
Project("{8BC9CEB8-8B4A-11D0-8D11-00A0C91BC942}") = "L20260325_DynamicArray", "L20260325_DynamicArray.vcxproj", "{378CC756-B4B9-488A-8D75-17BF074F0641}"
EndProject
Global
	GlobalSection(SolutionConfigurationPlatforms) = preSolution
		Debug|x64 = Debug|x64
		Debug|x86 = Debug|x86
		Release|x64 = Release|x64
		Release|x86 = Release|x86
	EndGlobalSection
	GlobalSection(ProjectConfigurationPlatforms) = postSolution
		{378CC756-B4B9-488A-8D75-17BF074F0641}.Debug|x64.ActiveCfg = Debug|x64
		{378CC756-B4B9-488A-8D75-17BF074F0641}.Debug|x64.Build.0 = Debug|x64
		{378CC756-B4B9-488A-8D75-17BF074F0641}.Debug|x86.ActiveCfg = Debug|Win32
		{378CC756-B4B9-488A-8D75-17BF074F0641}.Debug|x86.Build.0 = Debug|Win32
		{378CC756-B4B9-488A-8D75-17BF074F0641}.Release|x64.ActiveCfg = Release|x64
		{378CC756-B4B9-488A-8D75-17BF074F0641}.Release|x64.Build.0 = Release|x64
		{378CC756-B4B9-488A-8D75-17BF074F0641}.Release|x86.ActiveCfg = Release|Win32
		{378CC756-B4B9-488A-8D75-17BF074F0641}.Release|x86.Build.0 = Release|Win32
	EndGlobalSection
	GlobalSection(SolutionProperties) = preSolution
		HideSolutionNode = FALSE
	EndGlobalSection
	GlobalSection(ExtensibilityGlobals) = postSolution
		SolutionGuid = {F32891F2-D45D-4259-A501-BAF7A2670E76}
	EndGlobalSection
EndGlobal
